// !$*UTF8*$!
{
	archiveVersion = 1;
	classes = {
	};
	objectVersion = 56;
	objects = {

/* Begin PBXBuildFile section */
		30CD4C392C036D6F00F1424F /* CameraView.swift in Sources */ = {isa = PBXBuildFile; fileRef = 30CD4C382C036D6F00F1424F /* CameraView.swift */; };
		30CD4C3B2C036DAB00F1424F /* CameraViewController.swift in Sources */ = {isa = PBXBuildFile; fileRef = 30CD4C3A2C036DAB00F1424F /* CameraViewController.swift */; };
		30CD4C3F2C03B7FB00F1424F /* CollectingView.swift in Sources */ = {isa = PBXBuildFile; fileRef = 30CD4C3E2C03B7FB00F1424F /* CollectingView.swift */; };
		30CD4C412C03B9EC00F1424F /* ImagePredictor.swift in Sources */ = {isa = PBXBuildFile; fileRef = 30CD4C402C03B9EC00F1424F /* ImagePredictor.swift */; };
		30F25BE72C03BF6A0003EF6D /* ObjectPredictor.mlmodel in Sources */ = {isa = PBXBuildFile; fileRef = 30F25BE62C03BF6A0003EF6D /* ObjectPredictor.mlmodel */; };
		30F544F62C01CA3C00662D64 /* VoyageApp.swift in Sources */ = {isa = PBXBuildFile; fileRef = 30F544F52C01CA3C00662D64 /* VoyageApp.swift */; };
		30F544F82C01CA3C00662D64 /* ContentView.swift in Sources */ = {isa = PBXBuildFile; fileRef = 30F544F72C01CA3C00662D64 /* ContentView.swift */; };
		30F544FA2C01CA3E00662D64 /* Assets.xcassets in Resources */ = {isa = PBXBuildFile; fileRef = 30F544F92C01CA3E00662D64 /* Assets.xcassets */; };
		30F544FD2C01CA3E00662D64 /* Preview Assets.xcassets in Resources */ = {isa = PBXBuildFile; fileRef = 30F544FC2C01CA3E00662D64 /* Preview Assets.xcassets */; };
/* End PBXBuildFile section */

/* Begin PBXFileReference section */
		30CD4C382C036D6F00F1424F /* CameraView.swift */ = {isa = PBXFileReference; lastKnownFileType = sourcecode.swift; path = CameraView.swift; sourceTree = "<group>"; };
		30CD4C3A2C036DAB00F1424F /* CameraViewController.swift */ = {isa = PBXFileReference; lastKnownFileType = sourcecode.swift; path = CameraViewController.swift; sourceTree = "<group>"; };
		30CD4C3E2C03B7FB00F1424F /* CollectingView.swift */ = {isa = PBXFileReference; lastKnownFileType = sourcecode.swift; path = CollectingView.swift; sourceTree = "<group>"; };
		30CD4C402C03B9EC00F1424F /* ImagePredictor.swift */ = {isa = PBXFileReference; lastKnownFileType = sourcecode.swift; path = ImagePredictor.swift; sourceTree = "<group>"; };
		30F25BE62C03BF6A0003EF6D /* ObjectPredictor.mlmodel */ = {isa = PBXFileReference; lastKnownFileType = file.mlmodel; path = ObjectPredictor.mlmodel; sourceTree = "<group>"; };
		30F544F22C01CA3C00662D64 /* Voyage.app */ = {isa = PBXFileReference; explicitFileType = wrapper.application; includeInIndex = 0; path = Voyage.app; sourceTree = BUILT_PRODUCTS_DIR; };
		30F544F52C01CA3C00662D64 /* VoyageApp.swift */ = {isa = PBXFileReference; lastKnownFileType = sourcecode.swift; path = VoyageApp.swift; sourceTree = "<group>"; };
		30F544F72C01CA3C00662D64 /* ContentView.swift */ = {isa = PBXFileReference; lastKnownFileType = sourcecode.swift; path = ContentView.swift; sourceTree = "<group>"; };
		30F544F92C01CA3E00662D64 /* Assets.xcassets */ = {isa = PBXFileReference; lastKnownFileType = folder.assetcatalog; path = Assets.xcassets; sourceTree = "<group>"; };
		30F544FC2C01CA3E00662D64 /* Preview Assets.xcassets */ = {isa = PBXFileReference; lastKnownFileType = folder.assetcatalog; path = "Preview Assets.xcassets"; sourceTree = "<group>"; };
/* End PBXFileReference section */

/* Begin PBXFrameworksBuildPhase section */
		30F544EF2C01CA3C00662D64 /* Frameworks */ = {
			isa = PBXFrameworksBuildPhase;
			buildActionMask = 2147483647;
			files = (
			);
			runOnlyForDeploymentPostprocessing = 0;
		};
/* End PBXFrameworksBuildPhase section */

/* Begin PBXGroup section */
		30F544E92C01CA3C00662D64 = {
			isa = PBXGroup;
			children = (
				30F544F42C01CA3C00662D64 /* Voyage */,
				30F544F32C01CA3C00662D64 /* Products */,
			);
			sourceTree = "<group>";
		};
		30F544F32C01CA3C00662D64 /* Products */ = {
			isa = PBXGroup;
			children = (
				30F544F22C01CA3C00662D64 /* Voyage.app */,
			);
			name = Products;
			sourceTree = "<group>";
		};
		30F544F42C01CA3C00662D64 /* Voyage */ = {
			isa = PBXGroup;
			children = (
				30F25BE62C03BF6A0003EF6D /* ObjectPredictor.mlmodel */,
				30F544F52C01CA3C00662D64 /* VoyageApp.swift */,
				30F544F72C01CA3C00662D64 /* ContentView.swift */,
				30F544F92C01CA3E00662D64 /* Assets.xcassets */,
				30CD4C382C036D6F00F1424F /* CameraView.swift */,
				30CD4C3A2C036DAB00F1424F /* CameraViewController.swift */,
				30F544FB2C01CA3E00662D64 /* Preview Content */,
				30CD4C3E2C03B7FB00F1424F /* CollectingView.swift */,
				30CD4C402C03B9EC00F1424F /* ImagePredictor.swift */,
			);
			path = Voyage;
			sourceTree = "<group>";
		};
		30F544FB2C01CA3E00662D64 /* Preview Content */ = {
			isa = PBXGroup;
			children = (
				30F544FC2C01CA3E00662D64 /* Preview Assets.xcassets */,
			);
			path = "Preview Content";
			sourceTree = "<group>";
		};
/* End PBXGroup section */

/* Begin PBXNativeTarget section */
		30F544F12C01CA3C00662D64 /* Voyage */ = {
			isa = PBXNativeTarget;
			buildConfigurationList = 30F545002C01CA3E00662D64 /* Build configuration list for PBXNativeTarget "Voyage" */;
			buildPhases = (
				30F544EE2C01CA3C00662D64 /* Sources */,
				30F544EF2C01CA3C00662D64 /* Frameworks */,
				30F544F02C01CA3C00662D64 /* Resources */,
			);
			buildRules = (
			);
			dependencies = (
			);
			name = Voyage;
			productName = Voyage;
			productReference = 30F544F22C01CA3C00662D64 /* Voyage.app */;
			productType = "com.apple.product-type.application";
		};
/* End PBXNativeTarget section */

/* Begin PBXProject section */
		30F544EA2C01CA3C00662D64 /* Project object */ = {
			isa = PBXProject;
			attributes = {
				BuildIndependentTargetsInParallel = 1;
				LastSwiftUpdateCheck = 1530;
				LastUpgradeCheck = 1530;
				TargetAttributes = {
					30F544F12C01CA3C00662D64 = {
						CreatedOnToolsVersion = 15.3;
					};
				};
			};
			buildConfigurationList = 30F544ED2C01CA3C00662D64 /* Build configuration list for PBXProject "Voyage" */;
			compatibilityVersion = "Xcode 14.0";
			developmentRegion = en;
			hasScannedForEncodings = 0;
			knownRegions = (
				en,
				Base,
			);
			mainGroup = 30F544E92C01CA3C00662D64;
			productRefGroup = 30F544F32C01CA3C00662D64 /* Products */;
			projectDirPath = "";
			projectRoot = "";
			targets = (
				30F544F12C01CA3C00662D64 /* Voyage */,
			);
		};
/* End PBXProject section */

/* Begin PBXResourcesBuildPhase section */
		30F544F02C01CA3C00662D64 /* Resources */ = {
			isa = PBXResourcesBuildPhase;
			buildActionMask = 2147483647;
			files = (
				30F544FD2C01CA3E00662D64 /* Preview Assets.xcassets in Resources */,
				30F544FA2C01CA3E00662D64 /* Assets.xcassets in Resources */,
			);
			runOnlyForDeploymentPostprocessing = 0;
		};
/* End PBXResourcesBuildPhase section */

/* Begin PBXSourcesBuildPhase section */
		30F544EE2C01CA3C00662D64 /* Sources */ = {
			isa = PBXSourcesBuildPhase;
			buildActionMask = 2147483647;
			files = (
				30F25BE72C03BF6A0003EF6D /* ObjectPredictor.mlmodel in Sources */,
				30CD4C392C036D6F00F1424F /* CameraView.swift in Sources */,
				30CD4C3F2C03B7FB00F1424F /* CollectingView.swift in Sources */,
				30CD4C3B2C036DAB00F1424F /* CameraViewController.swift in Sources */,
				30F544F82C01CA3C00662D64 /* ContentView.swift in Sources */,
				30CD4C412C03B9EC00F1424F /* ImagePredictor.swift in Sources */,
				30F544F62C01CA3C00662D64 /* VoyageApp.swift in Sources */,
			);
			runOnlyForDeploymentPostprocessing = 0;
		};
/* End PBXSourcesBuildPhase section */

/* Begin XCBuildConfiguration section */
		30F544FE2C01CA3E00662D64 /* Debug */ = {
			isa = XCBuildConfiguration;
			buildSettings = {
				ALWAYS_SEARCH_USER_PATHS = NO;
				ASSETCATALOG_COMPILER_GENERATE_SWIFT_ASSET_SYMBOL_EXTENSIONS = YES;
				CLANG_ANALYZER_NONNULL = YES;
				CLANG_ANALYZER_NUMBER_OBJECT_CONVERSION = YES_AGGRESSIVE;
				CLANG_CXX_LANGUAGE_STANDARD = "gnu++20";
				CLANG_ENABLE_MODULES = YES;
				CLANG_ENABLE_OBJC_ARC = YES;
				CLANG_ENABLE_OBJC_WEAK = YES;
				CLANG_WARN_BLOCK_CAPTURE_AUTORELEASING = YES;
				CLANG_WARN_BOOL_CONVERSION = YES;
				CLANG_WARN_COMMA = YES;
				CLANG_WARN_CONSTANT_CONVERSION = YES;
				CLANG_WARN_DEPRECATED_OBJC_IMPLEMENTATIONS = YES;
				CLANG_WARN_DIRECT_OBJC_ISA_USAGE = YES_ERROR;
				CLANG_WARN_DOCUMENTATION_COMMENTS = YES;
				CLANG_WARN_EMPTY_BODY = YES;
				CLANG_WARN_ENUM_CONVERSION = YES;
				CLANG_WARN_INFINITE_RECURSION = YES;
				CLANG_WARN_INT_CONVERSION = YES;
				CLANG_WARN_NON_LITERAL_NULL_CONVERSION = YES;
				CLANG_WARN_OBJC_IMPLICIT_RETAIN_SELF = YES;
				CLANG_WARN_OBJC_LITERAL_CONVERSION = YES;
				CLANG_WARN_OBJC_ROOT_CLASS = YES_ERROR;
				CLANG_WARN_QUOTED_INCLUDE_IN_FRAMEWORK_HEADER = YES;
				CLANG_WARN_RANGE_LOOP_ANALYSIS = YES;
				CLANG_WARN_STRICT_PROTOTYPES = YES;
				CLANG_WARN_SUSPICIOUS_MOVE = YES;
				CLANG_WARN_UNGUARDED_AVAILABILITY = YES_AGGRESSIVE;
				CLANG_WARN_UNREACHABLE_CODE = YES;
				CLANG_WARN__DUPLICATE_METHOD_MATCH = YES;
				COPY_PHASE_STRIP = NO;
				DEBUG_INFORMATION_FORMAT = dwarf;
				ENABLE_STRICT_OBJC_MSGSEND = YES;
				ENABLE_TESTABILITY = YES;
				ENABLE_USER_SCRIPT_SANDBOXING = YES;
				GCC_C_LANGUAGE_STANDARD = gnu17;
				GCC_DYNAMIC_NO_PIC = NO;
				GCC_NO_COMMON_BLOCKS = YES;
				GCC_OPTIMIZATION_LEVEL = 0;
				GCC_PREPROCESSOR_DEFINITIONS = (
					"DEBUG=1",
					"$(inherited)",
				);
				GCC_WARN_64_TO_32_BIT_CONVERSION = YES;
				GCC_WARN_ABOUT_RETURN_TYPE = YES_ERROR;
				GCC_WARN_UNDECLARED_SELECTOR = YES;
				GCC_WARN_UNINITIALIZED_AUTOS = YES_AGGRESSIVE;
				GCC_WARN_UNUSED_FUNCTION = YES;
				GCC_WARN_UNUSED_VARIABLE = YES;
				IPHONEOS_DEPLOYMENT_TARGET = 17.4;
				LOCALIZATION_PREFERS_STRING_CATALOGS = YES;
				MTL_ENABLE_DEBUG_INFO = INCLUDE_SOURCE;
				MTL_FAST_MATH = YES;
				ONLY_ACTIVE_ARCH = YES;
				SDKROOT = iphoneos;
				SWIFT_ACTIVE_COMPILATION_CONDITIONS = "DEBUG $(inherited)";
				SWIFT_OPTIMIZATION_LEVEL = "-Onone";
			};
			name = Debug;
		};
		30F544FF2C01CA3E00662D64 /* Release */ = {
			isa = XCBuildConfiguration;
			buildSettings = {
				ALWAYS_SEARCH_USER_PATHS = NO;
				ASSETCATALOG_COMPILER_GENERATE_SWIFT_ASSET_SYMBOL_EXTENSIONS = YES;
				CLANG_ANALYZER_NONNULL = YES;
				CLANG_ANALYZER_NUMBER_OBJECT_CONVERSION = YES_AGGRESSIVE;
				CLANG_CXX_LANGUAGE_STANDARD = "gnu++20";
				CLANG_ENABLE_MODULES = YES;
				CLANG_ENABLE_OBJC_ARC = YES;
				CLANG_ENABLE_OBJC_WEAK = YES;
				CLANG_WARN_BLOCK_CAPTURE_AUTORELEASING = YES;
				CLANG_WARN_BOOL_CONVERSION = YES;
				CLANG_WARN_COMMA = YES;
				CLANG_WARN_CONSTANT_CONVERSION = YES;
				CLANG_WARN_DEPRECATED_OBJC_IMPLEMENTATIONS = YES;
				CLANG_WARN_DIRECT_OBJC_ISA_USAGE = YES_ERROR;
				CLANG_WARN_DOCUMENTATION_COMMENTS = YES;
				CLANG_WARN_EMPTY_BODY = YES;
				CLANG_WARN_ENUM_CONVERSION = YES;
				CLANG_WARN_INFINITE_RECURSION = YES;
				CLANG_WARN_INT_CONVERSION = YES;
				CLANG_WARN_NON_LITERAL_NULL_CONVERSION = YES;
				CLANG_WARN_OBJC_IMPLICIT_RETAIN_SELF = YES;
				CLANG_WARN_OBJC_LITERAL_CONVERSION = YES;
				CLANG_WARN_OBJC_ROOT_CLASS = YES_ERROR;
				CLANG_WARN_QUOTED_INCLUDE_IN_FRAMEWORK_HEADER = YES;
				CLANG_WARN_RANGE_LOOP_ANALYSIS = YES;
				CLANG_WARN_STRICT_PROTOTYPES = YES;
				CLANG_WARN_SUSPICIOUS_MOVE = YES;
				CLANG_WARN_UNGUARDED_AVAILABILITY = YES_AGGRESSIVE;
				CLANG_WARN_UNREACHABLE_CODE = YES;
				CLANG_WARN__DUPLICATE_METHOD_MATCH = YES;
				COPY_PHASE_STRIP = NO;
				DEBUG_INFORMATION_FORMAT = "dwarf-with-dsym";
				ENABLE_NS_ASSERTIONS = NO;
				ENABLE_STRICT_OBJC_MSGSEND = YES;
				ENABLE_USER_SCRIPT_SANDBOXING = YES;
				GCC_C_LANGUAGE_STANDARD = gnu17;
				GCC_NO_COMMON_BLOCKS = YES;
				GCC_WARN_64_TO_32_BIT_CONVERSION = YES;
				GCC_WARN_ABOUT_RETURN_TYPE = YES_ERROR;
				GCC_WARN_UNDECLARED_SELECTOR = YES;
				GCC_WARN_UNINITIALIZED_AUTOS = YES_AGGRESSIVE;
				GCC_WARN_UNUSED_FUNCTION = YES;
				GCC_WARN_UNUSED_VARIABLE = YES;
				IPHONEOS_DEPLOYMENT_TARGET = 17.4;
				LOCALIZATION_PREFERS_STRING_CATALOGS = YES;
				MTL_ENABLE_DEBUG_INFO = NO;
				MTL_FAST_MATH = YES;
				SDKROOT = iphoneos;
				SWIFT_COMPILATION_MODE = wholemodule;
				VALIDATE_PRODUCT = YES;
			};
			name = Release;
		};
		30F545012C01CA3E00662D64 /* Debug */ = {
			isa = XCBuildConfiguration;
			buildSettings = {
				ASSETCATALOG_COMPILER_APPICON_NAME = AppIcon;
				ASSETCATALOG_COMPILER_GLOBAL_ACCENT_COLOR_NAME = AccentColor;
				CODE_SIGN_STYLE = Automatic;
				CURRENT_PROJECT_VERSION = 1;
				DEVELOPMENT_ASSET_PATHS = "\"Voyage/Preview Content\"";
				DEVELOPMENT_TEAM = P3GLC5X48U;
				ENABLE_PREVIEWS = YES;
				GENERATE_INFOPLIST_FILE = YES;
				INFOPLIST_KEY_NSCameraUsageDescription = "Camera Use";
				INFOPLIST_KEY_UIApplicationSceneManifest_Generation = YES;
				INFOPLIST_KEY_UIApplicationSupportsIndirectInputEvents = YES;
				INFOPLIST_KEY_UILaunchScreen_Generation = YES;
				INFOPLIST_KEY_UISupportedInterfaceOrientations_iPad = "UIInterfaceOrientationPortrait UIInterfaceOrientationPortraitUpsideDown UIInterfaceOrientationLandscapeLeft UIInterfaceOrientationLandscapeRight";
				INFOPLIST_KEY_UISupportedInterfaceOrientations_iPhone = "UIInterfaceOrientationPortrait UIInterfaceOrientationLandscapeLeft UIInterfaceOrientationLandscapeRight";
				LD_RUNPATH_SEARCH_PATHS = (
					"$(inherited)",
					"@executable_path/Frameworks",
				);
				MARKETING_VERSION = 1.0;
				PRODUCT_BUNDLE_IDENTIFIER = Nano2.Voyage;
				PRODUCT_NAME = "$(TARGET_NAME)";
				SWIFT_EMIT_LOC_STRINGS = YES;
				SWIFT_VERSION = 5.0;
				TARGETED_DEVICE_FAMILY = "1,2";
			};
			name = Debug;
		};
		30F545022C01CA3E00662D64 /* Release */ = {
			isa = XCBuildConfiguration;
			buildSettings = {
				ASSETCATALOG_COMPILER_APPICON_NAME = AppIcon;
				ASSETCATALOG_COMPILER_GLOBAL_ACCENT_COLOR_NAME = AccentColor;
				CODE_SIGN_STYLE = Automatic;
				CURRENT_PROJECT_VERSION = 1;
				DEVELOPMENT_ASSET_PATHS = "\"Voyage/Preview Content\"";
				DEVELOPMENT_TEAM = P3GLC5X48U;
				ENABLE_PREVIEWS = YES;
				GENERATE_INFOPLIST_FILE = YES;
				INFOPLIST_KEY_NSCameraUsageDescription = "Camera Use";
				INFOPLIST_KEY_UIApplicationSceneManifest_Generation = YES;
				INFOPLIST_KEY_UIApplicationSupportsIndirectInputEvents = YES;
				INFOPLIST_KEY_UILaunchScreen_Generation = YES;
				INFOPLIST_KEY_UISupportedInterfaceOrientations_iPad = "UIInterfaceOrientationPortrait UIInterfaceOrientationPortraitUpsideDown UIInterfaceOrientationLandscapeLeft UIInterfaceOrientationLandscapeRight";
				INFOPLIST_KEY_UISupportedInterfaceOrientations_iPhone = "UIInterfaceOrientationPortrait UIInterfaceOrientationLandscapeLeft UIInterfaceOrientationLandscapeRight";
				LD_RUNPATH_SEARCH_PATHS = (
					"$(inherited)",
					"@executable_path/Frameworks",
				);
				MARKETING_VERSION = 1.0;
				PRODUCT_BUNDLE_IDENTIFIER = Nano2.Voyage;
				PRODUCT_NAME = "$(TARGET_NAME)";
				SWIFT_EMIT_LOC_STRINGS = YES;
				SWIFT_VERSION = 5.0;
				TARGETED_DEVICE_FAMILY = "1,2";
			};
			name = Release;
		};
/* End XCBuildConfiguration section */

/* Begin XCConfigurationList section */
		30F544ED2C01CA3C00662D64 /* Build configuration list for PBXProject "Voyage" */ = {
			isa = XCConfigurationList;
			buildConfigurations = (
				30F544FE2C01CA3E00662D64 /* Debug */,
				30F544FF2C01CA3E00662D64 /* Release */,
			);
			defaultConfigurationIsVisible = 0;
			defaultConfigurationName = Release;
		};
		30F545002C01CA3E00662D64 /* Build configuration list for PBXNativeTarget "Voyage" */ = {
			isa = XCConfigurationList;
			buildConfigurations = (
				30F545012C01CA3E00662D64 /* Debug */,
				30F545022C01CA3E00662D64 /* Release */,
			);
			defaultConfigurationIsVisible = 0;
			defaultConfigurationName = Release;
		};
/* End XCConfigurationList section */
	};
	rootObject = 30F544EA2C01CA3C00662D64 /* Project object */;
}
